
Microsoft Visual Studio Solution File, Format Version 12.00
# Visual Studio Version 17
VisualStudioVersion = 17.13.35931.197
MinimumVisualStudioVersion = 10.0.40219.1
Project("{2150E333-8FDC-42A3-9474-1A3956D46DE8}") = "Services", "Services", "{02EA681E-C7D8-13C7-8484-4AC65E1B71E8}"
EndProject
Project("{2150E333-8FDC-42A3-9474-1A3956D46DE8}") = "Api", "Api", "{EEEA57B8-DD52-46A1-B265-314E50332B89}"
EndProject
Project("{2150E333-8FDC-42A3-9474-1A3956D46DE8}") = "Core", "Core", "{0E28E9E4-B99D-45B6-944B-C73B2B97B234}"
EndProject
Project("{2150E333-8FDC-42A3-9474-1A3956D46DE8}") = "GestaoDeConteudo", "GestaoDeConteudo", "{2F0AC8E2-57EE-411A-B7E7-CA2CA650D28C}"
EndProject
Project("{2150E333-8FDC-42A3-9474-1A3956D46DE8}") = "GestaoDeAlunos", "GestaoDeAlunos", "{267956E2-671C-4FA3-9C19-922F5B3B2ADC}"
EndProject
Project("{2150E333-8FDC-42A3-9474-1A3956D46DE8}") = "PagamentoEFaturamento", "PagamentoEFaturamento", "{F3E6F17F-F66D-432F-979A-076AAD75723B}"
EndProject
Project("{2150E333-8FDC-42A3-9474-1A3956D46DE8}") = "Tests", "Tests", "{AFA863FD-A2F0-43CD-B56C-AC710CB159D0}"
EndProject
Project("{2150E333-8FDC-42A3-9474-1A3956D46DE8}") = "Unit", "Unit", "{84189C74-220B-4029-B0A6-C65D3868D185}"
EndProject
Project("{2150E333-8FDC-42A3-9474-1A3956D46DE8}") = "Integration", "Integration", "{B269933D-C2FD-4F81-8CCE-2EEF90D16BAC}"
EndProject
Project("{FAE04EC0-301F-11D3-BF4B-00C04F79EFBC}") = "MBA_DevXpert_PEO.GestaoDeConteudo.Domain", "src\MBA_DevXpert_PEO.GestaoDeConteudo.Domain\MBA_DevXpert_PEO.GestaoDeConteudo.Domain.csproj", "{4B41C517-8B6C-49D5-A44A-DC73FB95B833}"
EndProject
Project("{FAE04EC0-301F-11D3-BF4B-00C04F79EFBC}") = "MBA_DevXpert_PEO.GestaoDeConteudo.Application", "src\MBA_DevXpert_PEO.GestaoDeConteudo.Application\MBA_DevXpert_PEO.GestaoDeConteudo.Application.csproj", "{708997C6-2F2E-4CA8-84A8-A9AC84B8D19D}"
EndProject
Project("{FAE04EC0-301F-11D3-BF4B-00C04F79EFBC}") = "MBA_DevXpert_PEO.GestaoDeConteudo.Infra", "src\MBA_DevXpert_PEO.GestaoDeConteudo.Infra\MBA_DevXpert_PEO.GestaoDeConteudo.Infra.csproj", "{228F2B61-B18A-4208-8BB5-F769CCCF6CE9}"
EndProject
Project("{FAE04EC0-301F-11D3-BF4B-00C04F79EFBC}") = "MBA_DevXpert_PEO.Core", "src\MBA_DevXpert_PEO.Core\MBA_DevXpert_PEO.Core.csproj", "{3BCFC062-35A2-4400-BF09-EB0B1971D674}"
EndProject
Project("{FAE04EC0-301F-11D3-BF4B-00C04F79EFBC}") = "MBA_DevXpert_PEO.Api", "src\MBA_DevXpert_PEO.Api\MBA_DevXpert_PEO.Api.csproj", "{0DC58AE8-781C-0936-ACE7-5162A459B309}"
EndProject
Project("{FAE04EC0-301F-11D3-BF4B-00C04F79EFBC}") = "MBA_DevXpert_PEO.Tests.Unit", "src\MBA_DevXpert_PEO.Tests.Unit\MBA_DevXpert_PEO.Tests.Unit.csproj", "{AF8C855F-4C53-B2F9-9D11-1C224B3D76AB}"
EndProject
Project("{2150E333-8FDC-42A3-9474-1A3956D46DE8}") = "BuildingBlocks", "BuildingBlocks", "{6E8927F4-AE21-4EF7-AF2C-11261E931124}"
EndProject
Project("{FAE04EC0-301F-11D3-BF4B-00C04F79EFBC}") = "EventSourcing", "src\EventSourcing\EventSourcing.csproj", "{34A23B2B-0A33-4898-81AF-AE3440A61295}"
EndProject
Project("{FAE04EC0-301F-11D3-BF4B-00C04F79EFBC}") = "MBA_DevXpert_PEO.Tests.Integration", "src\MBA_DevXpert_PEO.Tests.Integration\MBA_DevXpert_PEO.Tests.Integration.csproj", "{2E89B773-370F-4E8E-A102-1FD75A25B55F}"
EndProject
Project("{FAE04EC0-301F-11D3-BF4B-00C04F79EFBC}") = "MBA_DevXpert_PEO.GestaoDeAlunos.Domain", "src\MBA_DevXpert_PEO.GestaoDeAlunos.Domain\MBA_DevXpert_PEO.GestaoDeAlunos.Domain.csproj", "{736D950C-2566-4534-8B49-EC86C671ABD4}"
EndProject
Project("{FAE04EC0-301F-11D3-BF4B-00C04F79EFBC}") = "MBA_DevXpert_PEO.GestaoDeAlunos.Application", "src\MBA_DevXpert_PEO.GestaoDeAlunos.Application\MBA_DevXpert_PEO.GestaoDeAlunos.Application.csproj", "{E4B918F4-C3EE-4480-A236-F7732F786982}"
EndProject
Project("{FAE04EC0-301F-11D3-BF4B-00C04F79EFBC}") = "MBA_DevXpert_PEO.GestaoDeAlunos.Infra", "src\MBA_DevXpert_PEO.GestaoDeAlunos.Infra\MBA_DevXpert_PEO.GestaoDeAlunos.Infra.csproj", "{F2A4F94C-04CE-45DB-9610-EFFC380978F3}"
EndProject
Project("{FAE04EC0-301F-11D3-BF4B-00C04F79EFBC}") = "MBA_DevXpert_PEO.PagamentoEFaturamento.Application", "src\MBA_DevXpert_PEO.PagamentoEFaturamento.Application\MBA_DevXpert_PEO.PagamentoEFaturamento.Application.csproj", "{CDF2FF92-1D6F-45C9-954C-26331289116F}"
EndProject
Project("{FAE04EC0-301F-11D3-BF4B-00C04F79EFBC}") = "MBA_DevXpert_PEO.PagamentoEFaturamento.Domain", "src\MBA_DevXpert_PEO.PagamentoEFaturamento.Domain\MBA_DevXpert_PEO.PagamentoEFaturamento.Domain.csproj", "{52239CDA-339D-4CC0-8A7F-5C6494203991}"
EndProject
Project("{FAE04EC0-301F-11D3-BF4B-00C04F79EFBC}") = "MBA_DevXpert_PEO.PagamentoEFaturamento.Infra", "src\MBA_DevXpert_PEO.PagamentoEFaturamento.Infra\MBA_DevXpert_PEO.PagamentoEFaturamento.Infra.csproj", "{AC28E248-8C78-4C53-9585-66A4672B934C}"
EndProject
Global
	GlobalSection(SolutionConfigurationPlatforms) = preSolution
		Debug|Any CPU = Debug|Any CPU
		Release|Any CPU = Release|Any CPU
	EndGlobalSection
	GlobalSection(ProjectConfigurationPlatforms) = postSolution
		{4B41C517-8B6C-49D5-A44A-DC73FB95B833}.Debug|Any CPU.ActiveCfg = Debug|Any CPU
		{4B41C517-8B6C-49D5-A44A-DC73FB95B833}.Debug|Any CPU.Build.0 = Debug|Any CPU
		{4B41C517-8B6C-49D5-A44A-DC73FB95B833}.Release|Any CPU.ActiveCfg = Release|Any CPU
		{4B41C517-8B6C-49D5-A44A-DC73FB95B833}.Release|Any CPU.Build.0 = Release|Any CPU
		{708997C6-2F2E-4CA8-84A8-A9AC84B8D19D}.Debug|Any CPU.ActiveCfg = Debug|Any CPU
		{708997C6-2F2E-4CA8-84A8-A9AC84B8D19D}.Debug|Any CPU.Build.0 = Debug|Any CPU
		{708997C6-2F2E-4CA8-84A8-A9AC84B8D19D}.Release|Any CPU.ActiveCfg = Release|Any CPU
		{708997C6-2F2E-4CA8-84A8-A9AC84B8D19D}.Release|Any CPU.Build.0 = Release|Any CPU
		{228F2B61-B18A-4208-8BB5-F769CCCF6CE9}.Debug|Any CPU.ActiveCfg = Debug|Any CPU
		{228F2B61-B18A-4208-8BB5-F769CCCF6CE9}.Debug|Any CPU.Build.0 = Debug|Any CPU
		{228F2B61-B18A-4208-8BB5-F769CCCF6CE9}.Release|Any CPU.ActiveCfg = Release|Any CPU
		{228F2B61-B18A-4208-8BB5-F769CCCF6CE9}.Release|Any CPU.Build.0 = Release|Any CPU
		{3BCFC062-35A2-4400-BF09-EB0B1971D674}.Debug|Any CPU.ActiveCfg = Debug|Any CPU
		{3BCFC062-35A2-4400-BF09-EB0B1971D674}.Debug|Any CPU.Build.0 = Debug|Any CPU
		{3BCFC062-35A2-4400-BF09-EB0B1971D674}.Release|Any CPU.ActiveCfg = Release|Any CPU
		{3BCFC062-35A2-4400-BF09-EB0B1971D674}.Release|Any CPU.Build.0 = Release|Any CPU
		{0DC58AE8-781C-0936-ACE7-5162A459B309}.Debug|Any CPU.ActiveCfg = Debug|Any CPU
		{0DC58AE8-781C-0936-ACE7-5162A459B309}.Debug|Any CPU.Build.0 = Debug|Any CPU
		{0DC58AE8-781C-0936-ACE7-5162A459B309}.Release|Any CPU.ActiveCfg = Release|Any CPU
		{0DC58AE8-781C-0936-ACE7-5162A459B309}.Release|Any CPU.Build.0 = Release|Any CPU
		{AF8C855F-4C53-B2F9-9D11-1C224B3D76AB}.Debug|Any CPU.ActiveCfg = Debug|Any CPU
		{AF8C855F-4C53-B2F9-9D11-1C224B3D76AB}.Debug|Any CPU.Build.0 = Debug|Any CPU
		{AF8C855F-4C53-B2F9-9D11-1C224B3D76AB}.Release|Any CPU.ActiveCfg = Release|Any CPU
		{AF8C855F-4C53-B2F9-9D11-1C224B3D76AB}.Release|Any CPU.Build.0 = Release|Any CPU
		{34A23B2B-0A33-4898-81AF-AE3440A61295}.Debug|Any CPU.ActiveCfg = Debug|Any CPU
		{34A23B2B-0A33-4898-81AF-AE3440A61295}.Debug|Any CPU.Build.0 = Debug|Any CPU
		{34A23B2B-0A33-4898-81AF-AE3440A61295}.Release|Any CPU.ActiveCfg = Release|Any CPU
		{34A23B2B-0A33-4898-81AF-AE3440A61295}.Release|Any CPU.Build.0 = Release|Any CPU
		{2E89B773-370F-4E8E-A102-1FD75A25B55F}.Debug|Any CPU.ActiveCfg = Debug|Any CPU
		{2E89B773-370F-4E8E-A102-1FD75A25B55F}.Debug|Any CPU.Build.0 = Debug|Any CPU
		{2E89B773-370F-4E8E-A102-1FD75A25B55F}.Release|Any CPU.ActiveCfg = Release|Any CPU
		{2E89B773-370F-4E8E-A102-1FD75A25B55F}.Release|Any CPU.Build.0 = Release|Any CPU
		{736D950C-2566-4534-8B49-EC86C671ABD4}.Debug|Any CPU.ActiveCfg = Debug|Any CPU
		{736D950C-2566-4534-8B49-EC86C671ABD4}.Debug|Any CPU.Build.0 = Debug|Any CPU
		{736D950C-2566-4534-8B49-EC86C671ABD4}.Release|Any CPU.ActiveCfg = Release|Any CPU
		{736D950C-2566-4534-8B49-EC86C671ABD4}.Release|Any CPU.Build.0 = Release|Any CPU
		{E4B918F4-C3EE-4480-A236-F7732F786982}.Debug|Any CPU.ActiveCfg = Debug|Any CPU
		{E4B918F4-C3EE-4480-A236-F7732F786982}.Debug|Any CPU.Build.0 = Debug|Any CPU
		{E4B918F4-C3EE-4480-A236-F7732F786982}.Release|Any CPU.ActiveCfg = Release|Any CPU
		{E4B918F4-C3EE-4480-A236-F7732F786982}.Release|Any CPU.Build.0 = Release|Any CPU
		{F2A4F94C-04CE-45DB-9610-EFFC380978F3}.Debug|Any CPU.ActiveCfg = Debug|Any CPU
		{F2A4F94C-04CE-45DB-9610-EFFC380978F3}.Debug|Any CPU.Build.0 = Debug|Any CPU
		{F2A4F94C-04CE-45DB-9610-EFFC380978F3}.Release|Any CPU.ActiveCfg = Release|Any CPU
		{F2A4F94C-04CE-45DB-9610-EFFC380978F3}.Release|Any CPU.Build.0 = Release|Any CPU
		{CDF2FF92-1D6F-45C9-954C-26331289116F}.Debug|Any CPU.ActiveCfg = Debug|Any CPU
		{CDF2FF92-1D6F-45C9-954C-26331289116F}.Debug|Any CPU.Build.0 = Debug|Any CPU
		{CDF2FF92-1D6F-45C9-954C-26331289116F}.Release|Any CPU.ActiveCfg = Release|Any CPU
		{CDF2FF92-1D6F-45C9-954C-26331289116F}.Release|Any CPU.Build.0 = Release|Any CPU
		{52239CDA-339D-4CC0-8A7F-5C6494203991}.Debug|Any CPU.ActiveCfg = Debug|Any CPU
		{52239CDA-339D-4CC0-8A7F-5C6494203991}.Debug|Any CPU.Build.0 = Debug|Any CPU
		{52239CDA-339D-4CC0-8A7F-5C6494203991}.Release|Any CPU.ActiveCfg = Release|Any CPU
		{52239CDA-339D-4CC0-8A7F-5C6494203991}.Release|Any CPU.Build.0 = Release|Any CPU
		{AC28E248-8C78-4C53-9585-66A4672B934C}.Debug|Any CPU.ActiveCfg = Debug|Any CPU
		{AC28E248-8C78-4C53-9585-66A4672B934C}.Debug|Any CPU.Build.0 = Debug|Any CPU
		{AC28E248-8C78-4C53-9585-66A4672B934C}.Release|Any CPU.ActiveCfg = Release|Any CPU
		{AC28E248-8C78-4C53-9585-66A4672B934C}.Release|Any CPU.Build.0 = Release|Any CPU
	EndGlobalSection
	GlobalSection(SolutionProperties) = preSolution
		HideSolutionNode = FALSE
	EndGlobalSection
	GlobalSection(NestedProjects) = preSolution
		{0E28E9E4-B99D-45B6-944B-C73B2B97B234} = {02EA681E-C7D8-13C7-8484-4AC65E1B71E8}
		{2F0AC8E2-57EE-411A-B7E7-CA2CA650D28C} = {02EA681E-C7D8-13C7-8484-4AC65E1B71E8}
		{267956E2-671C-4FA3-9C19-922F5B3B2ADC} = {02EA681E-C7D8-13C7-8484-4AC65E1B71E8}
		{F3E6F17F-F66D-432F-979A-076AAD75723B} = {02EA681E-C7D8-13C7-8484-4AC65E1B71E8}
		{84189C74-220B-4029-B0A6-C65D3868D185} = {AFA863FD-A2F0-43CD-B56C-AC710CB159D0}
		{B269933D-C2FD-4F81-8CCE-2EEF90D16BAC} = {AFA863FD-A2F0-43CD-B56C-AC710CB159D0}
		{4B41C517-8B6C-49D5-A44A-DC73FB95B833} = {2F0AC8E2-57EE-411A-B7E7-CA2CA650D28C}
		{708997C6-2F2E-4CA8-84A8-A9AC84B8D19D} = {2F0AC8E2-57EE-411A-B7E7-CA2CA650D28C}
		{228F2B61-B18A-4208-8BB5-F769CCCF6CE9} = {2F0AC8E2-57EE-411A-B7E7-CA2CA650D28C}
		{3BCFC062-35A2-4400-BF09-EB0B1971D674} = {0E28E9E4-B99D-45B6-944B-C73B2B97B234}
		{0DC58AE8-781C-0936-ACE7-5162A459B309} = {EEEA57B8-DD52-46A1-B265-314E50332B89}
		{AF8C855F-4C53-B2F9-9D11-1C224B3D76AB} = {84189C74-220B-4029-B0A6-C65D3868D185}
		{34A23B2B-0A33-4898-81AF-AE3440A61295} = {6E8927F4-AE21-4EF7-AF2C-11261E931124}
		{2E89B773-370F-4E8E-A102-1FD75A25B55F} = {B269933D-C2FD-4F81-8CCE-2EEF90D16BAC}
		{736D950C-2566-4534-8B49-EC86C671ABD4} = {267956E2-671C-4FA3-9C19-922F5B3B2ADC}
		{E4B918F4-C3EE-4480-A236-F7732F786982} = {267956E2-671C-4FA3-9C19-922F5B3B2ADC}
		{F2A4F94C-04CE-45DB-9610-EFFC380978F3} = {267956E2-671C-4FA3-9C19-922F5B3B2ADC}
		{CDF2FF92-1D6F-45C9-954C-26331289116F} = {F3E6F17F-F66D-432F-979A-076AAD75723B}
		{52239CDA-339D-4CC0-8A7F-5C6494203991} = {F3E6F17F-F66D-432F-979A-076AAD75723B}
		{AC28E248-8C78-4C53-9585-66A4672B934C} = {F3E6F17F-F66D-432F-979A-076AAD75723B}
	EndGlobalSection
	GlobalSection(ExtensibilityGlobals) = postSolution
		SolutionGuid = {C4B535F7-E394-493E-AA94-9427477A390F}
	EndGlobalSection
EndGlobal
