
Microsoft Visual Studio Solution File, Format Version 12.00
# Visual Studio Version 17
VisualStudioVersion = 17.13.35931.197
MinimumVisualStudioVersion = 10.0.40219.1
Project("{2150E333-8FDC-42A3-9474-1A3956D46DE8}") = "Services", "Services", "{02EA681E-C7D8-13C7-8484-4AC65E1B71E8}"
EndProject
Project("{2150E333-8FDC-42A3-9474-1A3956D46DE8}") = "Api", "Api", "{EEEA57B8-DD52-46A1-B265-314E50332B89}"
EndProject
Project("{2150E333-8FDC-42A3-9474-1A3956D46DE8}") = "Core", "Core", "{0E28E9E4-B99D-45B6-944B-C73B2B97B234}"
EndProject
Project("{2150E333-8FDC-42A3-9474-1A3956D46DE8}") = "Conteudos", "Conteudos", "{2F0AC8E2-57EE-411A-B7E7-CA2CA650D28C}"
EndProject
Project("{2150E333-8FDC-42A3-9474-1A3956D46DE8}") = "Alunos", "Alunos", "{267956E2-671C-4FA3-9C19-922F5B3B2ADC}"
EndProject
Project("{2150E333-8FDC-42A3-9474-1A3956D46DE8}") = "Pagamentos", "Pagamentos", "{F3E6F17F-F66D-432F-979A-076AAD75723B}"
EndProject
Project("{2150E333-8FDC-42A3-9474-1A3956D46DE8}") = "Tests", "Tests", "{AFA863FD-A2F0-43CD-B56C-AC710CB159D0}"
EndProject
Project("{2150E333-8FDC-42A3-9474-1A3956D46DE8}") = "Unit", "Unit", "{84189C74-220B-4029-B0A6-C65D3868D185}"
EndProject
Project("{2150E333-8FDC-42A3-9474-1A3956D46DE8}") = "Integration", "Integration", "{B269933D-C2FD-4F81-8CCE-2EEF90D16BAC}"
EndProject
Project("{FAE04EC0-301F-11D3-BF4B-00C04F79EFBC}") = "MBA_DevXpert_PEO.Core", "src\MBA_DevXpert_PEO.Core\MBA_DevXpert_PEO.Core.csproj", "{3BCFC062-35A2-4400-BF09-EB0B1971D674}"
EndProject
Project("{FAE04EC0-301F-11D3-BF4B-00C04F79EFBC}") = "MBA_DevXpert_PEO.Api", "src\MBA_DevXpert_PEO.Api\MBA_DevXpert_PEO.Api.csproj", "{0DC58AE8-781C-0936-ACE7-5162A459B309}"
EndProject
Project("{FAE04EC0-301F-11D3-BF4B-00C04F79EFBC}") = "MBA_DevXpert_PEO.Tests.Unit", "src\MBA_DevXpert_PEO.Tests.Unit\MBA_DevXpert_PEO.Tests.Unit.csproj", "{AF8C855F-4C53-B2F9-9D11-1C224B3D76AB}"
EndProject
Project("{2150E333-8FDC-42A3-9474-1A3956D46DE8}") = "BuildingBlocks", "BuildingBlocks", "{6E8927F4-AE21-4EF7-AF2C-11261E931124}"
EndProject
Project("{FAE04EC0-301F-11D3-BF4B-00C04F79EFBC}") = "EventSourcing", "src\EventSourcing\EventSourcing.csproj", "{34A23B2B-0A33-4898-81AF-AE3440A61295}"
EndProject
Project("{FAE04EC0-301F-11D3-BF4B-00C04F79EFBC}") = "MBA_DevXpert_PEO.Tests.Integration", "src\MBA_DevXpert_PEO.Tests.Integration\MBA_DevXpert_PEO.Tests.Integration.csproj", "{2E89B773-370F-4E8E-A102-1FD75A25B55F}"
EndProject
Project("{FAE04EC0-301F-11D3-BF4B-00C04F79EFBC}") = "MBA_DevXpert_PEO.Alunos.Application", "src\MBA_DevXpert_PEO.Alunos.Application\MBA_DevXpert_PEO.Alunos.Application.csproj", "{DC1117F1-98DE-400A-B495-CF0228F4ADA4}"
EndProject
Project("{FAE04EC0-301F-11D3-BF4B-00C04F79EFBC}") = "MBA_DevXpert_PEO.Alunos.Domain", "src\MBA_DevXpert_PEO.Alunos.Domain\MBA_DevXpert_PEO.Alunos.Domain.csproj", "{63E92FAF-09B2-828B-A40D-92871753D262}"
EndProject
Project("{FAE04EC0-301F-11D3-BF4B-00C04F79EFBC}") = "MBA_DevXpert_PEO.Alunos.Infra", "src\MBA_DevXpert_PEO.Alunos.Infra\MBA_DevXpert_PEO.Alunos.Infra.csproj", "{2E37ACCD-3AB0-B446-2C35-BCB9EA1BD4A5}"
EndProject
Project("{FAE04EC0-301F-11D3-BF4B-00C04F79EFBC}") = "MBA_DevXpert_PEO.Conteudos.Application", "src\MBA_DevXpert_PEO.Conteudos.Application\MBA_DevXpert_PEO.Conteudos.Application.csproj", "{5EEE677B-D4FC-01AF-20B5-88223D08E7B0}"
EndProject
Project("{FAE04EC0-301F-11D3-BF4B-00C04F79EFBC}") = "MBA_DevXpert_PEO.Conteudos.Domain", "src\MBA_DevXpert_PEO.Conteudos.Domain\MBA_DevXpert_PEO.Conteudos.Domain.csproj", "{739F9452-AAF6-6B09-7155-80833CD59EE5}"
EndProject
Project("{FAE04EC0-301F-11D3-BF4B-00C04F79EFBC}") = "MBA_DevXpert_PEO.Conteudos.Infra", "src\MBA_DevXpert_PEO.Conteudos.Infra\MBA_DevXpert_PEO.Conteudos.Infra.csproj", "{CA0F5E74-CD2A-419F-46EE-047324020C5B}"
EndProject
Project("{FAE04EC0-301F-11D3-BF4B-00C04F79EFBC}") = "MBA_DevXpert_PEO.Pagamentos.Application", "src\MBA_DevXpert_PEO.Pagamentos.Application\MBA_DevXpert_PEO.Pagamentos.Application.csproj", "{4F721264-0B09-0B70-A1A4-B933875137BE}"
EndProject
Project("{FAE04EC0-301F-11D3-BF4B-00C04F79EFBC}") = "MBA_DevXpert_PEO.Pagamentos.Domain", "src\MBA_DevXpert_PEO.Pagamentos.Domain\MBA_DevXpert_PEO.Pagamentos.Domain.csproj", "{01E76732-C088-56A2-5287-C99DC91AD11E}"
EndProject
Project("{FAE04EC0-301F-11D3-BF4B-00C04F79EFBC}") = "MBA_DevXpert_PEO.Pagamentos.Infra", "src\MBA_DevXpert_PEO.Pagamentos.Infra\MBA_DevXpert_PEO.Pagamentos.Infra.csproj", "{3933573B-B75D-A0A8-78D0-6314F04C4E90}"
EndProject
Global
	GlobalSection(SolutionConfigurationPlatforms) = preSolution
		Debug|Any CPU = Debug|Any CPU
		Release|Any CPU = Release|Any CPU
	EndGlobalSection
	GlobalSection(ProjectConfigurationPlatforms) = postSolution
		{3BCFC062-35A2-4400-BF09-EB0B1971D674}.Debug|Any CPU.ActiveCfg = Debug|Any CPU
		{3BCFC062-35A2-4400-BF09-EB0B1971D674}.Debug|Any CPU.Build.0 = Debug|Any CPU
		{3BCFC062-35A2-4400-BF09-EB0B1971D674}.Release|Any CPU.ActiveCfg = Release|Any CPU
		{3BCFC062-35A2-4400-BF09-EB0B1971D674}.Release|Any CPU.Build.0 = Release|Any CPU
		{0DC58AE8-781C-0936-ACE7-5162A459B309}.Debug|Any CPU.ActiveCfg = Debug|Any CPU
		{0DC58AE8-781C-0936-ACE7-5162A459B309}.Debug|Any CPU.Build.0 = Debug|Any CPU
		{0DC58AE8-781C-0936-ACE7-5162A459B309}.Release|Any CPU.ActiveCfg = Release|Any CPU
		{0DC58AE8-781C-0936-ACE7-5162A459B309}.Release|Any CPU.Build.0 = Release|Any CPU
		{AF8C855F-4C53-B2F9-9D11-1C224B3D76AB}.Debug|Any CPU.ActiveCfg = Debug|Any CPU
		{AF8C855F-4C53-B2F9-9D11-1C224B3D76AB}.Debug|Any CPU.Build.0 = Debug|Any CPU
		{AF8C855F-4C53-B2F9-9D11-1C224B3D76AB}.Release|Any CPU.ActiveCfg = Release|Any CPU
		{AF8C855F-4C53-B2F9-9D11-1C224B3D76AB}.Release|Any CPU.Build.0 = Release|Any CPU
		{34A23B2B-0A33-4898-81AF-AE3440A61295}.Debug|Any CPU.ActiveCfg = Debug|Any CPU
		{34A23B2B-0A33-4898-81AF-AE3440A61295}.Debug|Any CPU.Build.0 = Debug|Any CPU
		{34A23B2B-0A33-4898-81AF-AE3440A61295}.Release|Any CPU.ActiveCfg = Release|Any CPU
		{34A23B2B-0A33-4898-81AF-AE3440A61295}.Release|Any CPU.Build.0 = Release|Any CPU
		{2E89B773-370F-4E8E-A102-1FD75A25B55F}.Debug|Any CPU.ActiveCfg = Debug|Any CPU
		{2E89B773-370F-4E8E-A102-1FD75A25B55F}.Debug|Any CPU.Build.0 = Debug|Any CPU
		{2E89B773-370F-4E8E-A102-1FD75A25B55F}.Release|Any CPU.ActiveCfg = Release|Any CPU
		{2E89B773-370F-4E8E-A102-1FD75A25B55F}.Release|Any CPU.Build.0 = Release|Any CPU
		{DC1117F1-98DE-400A-B495-CF0228F4ADA4}.Debug|Any CPU.ActiveCfg = Debug|Any CPU
		{DC1117F1-98DE-400A-B495-CF0228F4ADA4}.Debug|Any CPU.Build.0 = Debug|Any CPU
		{DC1117F1-98DE-400A-B495-CF0228F4ADA4}.Release|Any CPU.ActiveCfg = Release|Any CPU
		{DC1117F1-98DE-400A-B495-CF0228F4ADA4}.Release|Any CPU.Build.0 = Release|Any CPU
		{63E92FAF-09B2-828B-A40D-92871753D262}.Debug|Any CPU.ActiveCfg = Debug|Any CPU
		{63E92FAF-09B2-828B-A40D-92871753D262}.Debug|Any CPU.Build.0 = Debug|Any CPU
		{63E92FAF-09B2-828B-A40D-92871753D262}.Release|Any CPU.ActiveCfg = Release|Any CPU
		{63E92FAF-09B2-828B-A40D-92871753D262}.Release|Any CPU.Build.0 = Release|Any CPU
		{2E37ACCD-3AB0-B446-2C35-BCB9EA1BD4A5}.Debug|Any CPU.ActiveCfg = Debug|Any CPU
		{2E37ACCD-3AB0-B446-2C35-BCB9EA1BD4A5}.Debug|Any CPU.Build.0 = Debug|Any CPU
		{2E37ACCD-3AB0-B446-2C35-BCB9EA1BD4A5}.Release|Any CPU.ActiveCfg = Release|Any CPU
		{2E37ACCD-3AB0-B446-2C35-BCB9EA1BD4A5}.Release|Any CPU.Build.0 = Release|Any CPU
		{5EEE677B-D4FC-01AF-20B5-88223D08E7B0}.Debug|Any CPU.ActiveCfg = Debug|Any CPU
		{5EEE677B-D4FC-01AF-20B5-88223D08E7B0}.Debug|Any CPU.Build.0 = Debug|Any CPU
		{5EEE677B-D4FC-01AF-20B5-88223D08E7B0}.Release|Any CPU.ActiveCfg = Release|Any CPU
		{5EEE677B-D4FC-01AF-20B5-88223D08E7B0}.Release|Any CPU.Build.0 = Release|Any CPU
		{739F9452-AAF6-6B09-7155-80833CD59EE5}.Debug|Any CPU.ActiveCfg = Debug|Any CPU
		{739F9452-AAF6-6B09-7155-80833CD59EE5}.Debug|Any CPU.Build.0 = Debug|Any CPU
		{739F9452-AAF6-6B09-7155-80833CD59EE5}.Release|Any CPU.ActiveCfg = Release|Any CPU
		{739F9452-AAF6-6B09-7155-80833CD59EE5}.Release|Any CPU.Build.0 = Release|Any CPU
		{CA0F5E74-CD2A-419F-46EE-047324020C5B}.Debug|Any CPU.ActiveCfg = Debug|Any CPU
		{CA0F5E74-CD2A-419F-46EE-047324020C5B}.Debug|Any CPU.Build.0 = Debug|Any CPU
		{CA0F5E74-CD2A-419F-46EE-047324020C5B}.Release|Any CPU.ActiveCfg = Release|Any CPU
		{CA0F5E74-CD2A-419F-46EE-047324020C5B}.Release|Any CPU.Build.0 = Release|Any CPU
		{4F721264-0B09-0B70-A1A4-B933875137BE}.Debug|Any CPU.ActiveCfg = Debug|Any CPU
		{4F721264-0B09-0B70-A1A4-B933875137BE}.Debug|Any CPU.Build.0 = Debug|Any CPU
		{4F721264-0B09-0B70-A1A4-B933875137BE}.Release|Any CPU.ActiveCfg = Release|Any CPU
		{4F721264-0B09-0B70-A1A4-B933875137BE}.Release|Any CPU.Build.0 = Release|Any CPU
		{01E76732-C088-56A2-5287-C99DC91AD11E}.Debug|Any CPU.ActiveCfg = Debug|Any CPU
		{01E76732-C088-56A2-5287-C99DC91AD11E}.Debug|Any CPU.Build.0 = Debug|Any CPU
		{01E76732-C088-56A2-5287-C99DC91AD11E}.Release|Any CPU.ActiveCfg = Release|Any CPU
		{01E76732-C088-56A2-5287-C99DC91AD11E}.Release|Any CPU.Build.0 = Release|Any CPU
		{3933573B-B75D-A0A8-78D0-6314F04C4E90}.Debug|Any CPU.ActiveCfg = Debug|Any CPU
		{3933573B-B75D-A0A8-78D0-6314F04C4E90}.Debug|Any CPU.Build.0 = Debug|Any CPU
		{3933573B-B75D-A0A8-78D0-6314F04C4E90}.Release|Any CPU.ActiveCfg = Release|Any CPU
		{3933573B-B75D-A0A8-78D0-6314F04C4E90}.Release|Any CPU.Build.0 = Release|Any CPU
	EndGlobalSection
	GlobalSection(SolutionProperties) = preSolution
		HideSolutionNode = FALSE
	EndGlobalSection
	GlobalSection(NestedProjects) = preSolution
		{0E28E9E4-B99D-45B6-944B-C73B2B97B234} = {02EA681E-C7D8-13C7-8484-4AC65E1B71E8}
		{2F0AC8E2-57EE-411A-B7E7-CA2CA650D28C} = {02EA681E-C7D8-13C7-8484-4AC65E1B71E8}
		{267956E2-671C-4FA3-9C19-922F5B3B2ADC} = {02EA681E-C7D8-13C7-8484-4AC65E1B71E8}
		{F3E6F17F-F66D-432F-979A-076AAD75723B} = {02EA681E-C7D8-13C7-8484-4AC65E1B71E8}
		{84189C74-220B-4029-B0A6-C65D3868D185} = {AFA863FD-A2F0-43CD-B56C-AC710CB159D0}
		{B269933D-C2FD-4F81-8CCE-2EEF90D16BAC} = {AFA863FD-A2F0-43CD-B56C-AC710CB159D0}
		{3BCFC062-35A2-4400-BF09-EB0B1971D674} = {0E28E9E4-B99D-45B6-944B-C73B2B97B234}
		{0DC58AE8-781C-0936-ACE7-5162A459B309} = {EEEA57B8-DD52-46A1-B265-314E50332B89}
		{AF8C855F-4C53-B2F9-9D11-1C224B3D76AB} = {84189C74-220B-4029-B0A6-C65D3868D185}
		{34A23B2B-0A33-4898-81AF-AE3440A61295} = {6E8927F4-AE21-4EF7-AF2C-11261E931124}
		{2E89B773-370F-4E8E-A102-1FD75A25B55F} = {B269933D-C2FD-4F81-8CCE-2EEF90D16BAC}
		{DC1117F1-98DE-400A-B495-CF0228F4ADA4} = {267956E2-671C-4FA3-9C19-922F5B3B2ADC}
		{63E92FAF-09B2-828B-A40D-92871753D262} = {267956E2-671C-4FA3-9C19-922F5B3B2ADC}
		{2E37ACCD-3AB0-B446-2C35-BCB9EA1BD4A5} = {267956E2-671C-4FA3-9C19-922F5B3B2ADC}
		{5EEE677B-D4FC-01AF-20B5-88223D08E7B0} = {2F0AC8E2-57EE-411A-B7E7-CA2CA650D28C}
		{739F9452-AAF6-6B09-7155-80833CD59EE5} = {2F0AC8E2-57EE-411A-B7E7-CA2CA650D28C}
		{CA0F5E74-CD2A-419F-46EE-047324020C5B} = {2F0AC8E2-57EE-411A-B7E7-CA2CA650D28C}
		{4F721264-0B09-0B70-A1A4-B933875137BE} = {F3E6F17F-F66D-432F-979A-076AAD75723B}
		{01E76732-C088-56A2-5287-C99DC91AD11E} = {F3E6F17F-F66D-432F-979A-076AAD75723B}
		{3933573B-B75D-A0A8-78D0-6314F04C4E90} = {F3E6F17F-F66D-432F-979A-076AAD75723B}
	EndGlobalSection
	GlobalSection(ExtensibilityGlobals) = postSolution
		SolutionGuid = {C4B535F7-E394-493E-AA94-9427477A390F}
	EndGlobalSection
EndGlobal
